<Solution>
  <Folder Name="/src/">
    <Project Path="src/POS.Application/POS.Application.csproj" />
    <Project Path="src/POS.Domain.Types/POS.Domain.Types.csproj" />
    <Project Path="src/POS.Domain/POS.Domain.csproj" />
    <Project Path="src/POS.Infrastructure/POS.Infrastructure.csproj" />
    <Project Path="src/POS.UI/POS.UI.csproj" />
  </Folder>
  <Folder Name="/tests/">
    <Project Path="tests/POS.Domain.Types.Tests/POS.Domain.Types.Tests.csproj" />
  </Folder>
</Solution>
